
Microsoft Visual Studio Solution File, Format Version 12.00
# Visual Studio Version 17
VisualStudioVersion = 17.8.0.0
MinimumVisualStudioVersion = 17.8.0.0
Project("{2150E333-8FDC-42A3-9474-1A3956D46DE8}") = "src", "src", "{D8A5D6A0-1234-5678-9ABC-DEF012345678}"
EndProject
Project("{9A19103F-16F7-4668-BE54-9A1E7A4F7556}") = "CoralLedger.Blue.AppHost", "src\CoralLedger.Blue.AppHost\CoralLedger.Blue.AppHost.csproj", "{AB36C1BE-C9A7-4CF9-A4E9-4B0D6C36C4EF}"
EndProject
Project("{9A19103F-16F7-4668-BE54-9A1E7A4F7556}") = "CoralLedger.Blue.ServiceDefaults", "src\CoralLedger.Blue.ServiceDefaults\CoralLedger.Blue.ServiceDefaults.csproj", "{796B50CC-0C1E-483E-8EEA-9D2C13EFFB86}"
EndProject
Project("{9A19103F-16F7-4668-BE54-9A1E7A4F7556}") = "CoralLedger.Blue.Web", "src\CoralLedger.Blue.Web\CoralLedger.Blue.Web.csproj", "{B8C596A6-F17A-4C39-A1EF-D570BEFAED69}"
EndProject
Project("{FAE04EC0-301F-11D3-BF4B-00C04F79EFBC}") = "CoralLedger.Blue.Domain", "src\CoralLedger.Blue.Domain\CoralLedger.Blue.Domain.csproj", "{574C5F2F-182B-45BD-B106-8635128D7FD0}"
EndProject
Project("{FAE04EC0-301F-11D3-BF4B-00C04F79EFBC}") = "CoralLedger.Blue.Application", "src\CoralLedger.Blue.Application\CoralLedger.Blue.Application.csproj", "{F8582375-AD33-4E05-AB7B-A121503C925C}"
EndProject
Project("{FAE04EC0-301F-11D3-BF4B-00C04F79EFBC}") = "CoralLedger.Blue.Infrastructure", "src\CoralLedger.Blue.Infrastructure\CoralLedger.Blue.Infrastructure.csproj", "{C61FF433-7172-4219-B344-424C403E1043}"
EndProject
Project("{FAE04EC0-301F-11D3-BF4B-00C04F79EFBC}") = "CoralLedger.Blue.Web.Client", "src\CoralLedger.Blue.Web.Client\CoralLedger.Blue.Web.Client.csproj", "{D20186C9-2B39-4A61-AB25-DF6AEF98E356}"
EndProject
Project("{2150E333-8FDC-42A3-9474-1A3956D46DE8}") = "tests", "tests", "{0AB3BF05-4346-4AA6-1389-037BE0695223}"
EndProject
Project("{FAE04EC0-301F-11D3-BF4B-00C04F79EFBC}") = "CoralLedger.Blue.Domain.Tests", "tests\CoralLedger.Blue.Domain.Tests\CoralLedger.Blue.Domain.Tests.csproj", "{8A01815D-CC78-49D3-854E-01E697C9766E}"
EndProject
Project("{FAE04EC0-301F-11D3-BF4B-00C04F79EFBC}") = "CoralLedger.Blue.Application.Tests", "tests\CoralLedger.Blue.Application.Tests\CoralLedger.Blue.Application.Tests.csproj", "{5799F893-2C8F-4561-9A48-D3487ABBC374}"
EndProject
Project("{FAE04EC0-301F-11D3-BF4B-00C04F79EFBC}") = "CoralLedger.Blue.Infrastructure.Tests", "tests\CoralLedger.Blue.Infrastructure.Tests\CoralLedger.Blue.Infrastructure.Tests.csproj", "{1A5ABDBD-52D5-47A1-860E-83484BABD84D}"
EndProject
Project("{FAE04EC0-301F-11D3-BF4B-00C04F79EFBC}") = "CoralLedger.Blue.IntegrationTests", "tests\CoralLedger.Blue.IntegrationTests\CoralLedger.Blue.IntegrationTests.csproj", "{6BFC0037-4890-46A8-9CD3-84286A94A179}"
EndProject
Project("{FAE04EC0-301F-11D3-BF4B-00C04F79EFBC}") = "CoralLedger.Blue.Aspire.Tests", "tests\CoralLedger.Blue.Aspire.Tests\CoralLedger.Blue.Aspire.Tests.csproj", "{3B7FC724-D202-44F7-93F5-80E0530202AD}"
EndProject
Project("{FAE04EC0-301F-11D3-BF4B-00C04F79EFBC}") = "CoralLedger.Blue.E2E.Tests", "tests\CoralLedger.Blue.E2E.Tests\CoralLedger.Blue.E2E.Tests.csproj", "{DFB132F1-A7D4-4C32-9287-0845BB884048}"
EndProject
Global
	GlobalSection(SolutionConfigurationPlatforms) = preSolution
		Debug|Any CPU = Debug|Any CPU
		Debug|x64 = Debug|x64
		Debug|x86 = Debug|x86
		Release|Any CPU = Release|Any CPU
		Release|x64 = Release|x64
		Release|x86 = Release|x86
	EndGlobalSection
	GlobalSection(ProjectConfigurationPlatforms) = postSolution
		{AB36C1BE-C9A7-4CF9-A4E9-4B0D6C36C4EF}.Debug|Any CPU.ActiveCfg = Debug|Any CPU
		{AB36C1BE-C9A7-4CF9-A4E9-4B0D6C36C4EF}.Debug|Any CPU.Build.0 = Debug|Any CPU
		{AB36C1BE-C9A7-4CF9-A4E9-4B0D6C36C4EF}.Debug|x64.ActiveCfg = Debug|Any CPU
		{AB36C1BE-C9A7-4CF9-A4E9-4B0D6C36C4EF}.Debug|x64.Build.0 = Debug|Any CPU
		{AB36C1BE-C9A7-4CF9-A4E9-4B0D6C36C4EF}.Debug|x86.ActiveCfg = Debug|Any CPU
		{AB36C1BE-C9A7-4CF9-A4E9-4B0D6C36C4EF}.Debug|x86.Build.0 = Debug|Any CPU
		{AB36C1BE-C9A7-4CF9-A4E9-4B0D6C36C4EF}.Release|Any CPU.ActiveCfg = Release|Any CPU
		{AB36C1BE-C9A7-4CF9-A4E9-4B0D6C36C4EF}.Release|Any CPU.Build.0 = Release|Any CPU
		{AB36C1BE-C9A7-4CF9-A4E9-4B0D6C36C4EF}.Release|x64.ActiveCfg = Release|Any CPU
		{AB36C1BE-C9A7-4CF9-A4E9-4B0D6C36C4EF}.Release|x64.Build.0 = Release|Any CPU
		{AB36C1BE-C9A7-4CF9-A4E9-4B0D6C36C4EF}.Release|x86.ActiveCfg = Release|Any CPU
		{AB36C1BE-C9A7-4CF9-A4E9-4B0D6C36C4EF}.Release|x86.Build.0 = Release|Any CPU
		{796B50CC-0C1E-483E-8EEA-9D2C13EFFB86}.Debug|Any CPU.ActiveCfg = Debug|Any CPU
		{796B50CC-0C1E-483E-8EEA-9D2C13EFFB86}.Debug|Any CPU.Build.0 = Debug|Any CPU
		{796B50CC-0C1E-483E-8EEA-9D2C13EFFB86}.Debug|x64.ActiveCfg = Debug|Any CPU
		{796B50CC-0C1E-483E-8EEA-9D2C13EFFB86}.Debug|x64.Build.0 = Debug|Any CPU
		{796B50CC-0C1E-483E-8EEA-9D2C13EFFB86}.Debug|x86.ActiveCfg = Debug|Any CPU
		{796B50CC-0C1E-483E-8EEA-9D2C13EFFB86}.Debug|x86.Build.0 = Debug|Any CPU
		{796B50CC-0C1E-483E-8EEA-9D2C13EFFB86}.Release|Any CPU.ActiveCfg = Release|Any CPU
		{796B50CC-0C1E-483E-8EEA-9D2C13EFFB86}.Release|Any CPU.Build.0 = Release|Any CPU
		{796B50CC-0C1E-483E-8EEA-9D2C13EFFB86}.Release|x64.ActiveCfg = Release|Any CPU
		{796B50CC-0C1E-483E-8EEA-9D2C13EFFB86}.Release|x64.Build.0 = Release|Any CPU
		{796B50CC-0C1E-483E-8EEA-9D2C13EFFB86}.Release|x86.ActiveCfg = Release|Any CPU
		{796B50CC-0C1E-483E-8EEA-9D2C13EFFB86}.Release|x86.Build.0 = Release|Any CPU
		{B8C596A6-F17A-4C39-A1EF-D570BEFAED69}.Debug|Any CPU.ActiveCfg = Debug|Any CPU
		{B8C596A6-F17A-4C39-A1EF-D570BEFAED69}.Debug|Any CPU.Build.0 = Debug|Any CPU
		{B8C596A6-F17A-4C39-A1EF-D570BEFAED69}.Debug|x64.ActiveCfg = Debug|Any CPU
		{B8C596A6-F17A-4C39-A1EF-D570BEFAED69}.Debug|x64.Build.0 = Debug|Any CPU
		{B8C596A6-F17A-4C39-A1EF-D570BEFAED69}.Debug|x86.ActiveCfg = Debug|Any CPU
		{B8C596A6-F17A-4C39-A1EF-D570BEFAED69}.Debug|x86.Build.0 = Debug|Any CPU
		{B8C596A6-F17A-4C39-A1EF-D570BEFAED69}.Release|Any CPU.ActiveCfg = Release|Any CPU
		{B8C596A6-F17A-4C39-A1EF-D570BEFAED69}.Release|Any CPU.Build.0 = Release|Any CPU
		{B8C596A6-F17A-4C39-A1EF-D570BEFAED69}.Release|x64.ActiveCfg = Release|Any CPU
		{B8C596A6-F17A-4C39-A1EF-D570BEFAED69}.Release|x64.Build.0 = Release|Any CPU
		{B8C596A6-F17A-4C39-A1EF-D570BEFAED69}.Release|x86.ActiveCfg = Release|Any CPU
		{B8C596A6-F17A-4C39-A1EF-D570BEFAED69}.Release|x86.Build.0 = Release|Any CPU
		{574C5F2F-182B-45BD-B106-8635128D7FD0}.Debug|Any CPU.ActiveCfg = Debug|Any CPU
		{574C5F2F-182B-45BD-B106-8635128D7FD0}.Debug|Any CPU.Build.0 = Debug|Any CPU
		{574C5F2F-182B-45BD-B106-8635128D7FD0}.Debug|x64.ActiveCfg = Debug|Any CPU
		{574C5F2F-182B-45BD-B106-8635128D7FD0}.Debug|x64.Build.0 = Debug|Any CPU
		{574C5F2F-182B-45BD-B106-8635128D7FD0}.Debug|x86.ActiveCfg = Debug|Any CPU
		{574C5F2F-182B-45BD-B106-8635128D7FD0}.Debug|x86.Build.0 = Debug|Any CPU
		{574C5F2F-182B-45BD-B106-8635128D7FD0}.Release|Any CPU.ActiveCfg = Release|Any CPU
		{574C5F2F-182B-45BD-B106-8635128D7FD0}.Release|Any CPU.Build.0 = Release|Any CPU
		{574C5F2F-182B-45BD-B106-8635128D7FD0}.Release|x64.ActiveCfg = Release|Any CPU
		{574C5F2F-182B-45BD-B106-8635128D7FD0}.Release|x64.Build.0 = Release|Any CPU
		{574C5F2F-182B-45BD-B106-8635128D7FD0}.Release|x86.ActiveCfg = Release|Any CPU
		{574C5F2F-182B-45BD-B106-8635128D7FD0}.Release|x86.Build.0 = Release|Any CPU
		{F8582375-AD33-4E05-AB7B-A121503C925C}.Debug|Any CPU.ActiveCfg = Debug|Any CPU
		{F8582375-AD33-4E05-AB7B-A121503C925C}.Debug|Any CPU.Build.0 = Debug|Any CPU
		{F8582375-AD33-4E05-AB7B-A121503C925C}.Debug|x64.ActiveCfg = Debug|Any CPU
		{F8582375-AD33-4E05-AB7B-A121503C925C}.Debug|x64.Build.0 = Debug|Any CPU
		{F8582375-AD33-4E05-AB7B-A121503C925C}.Debug|x86.ActiveCfg = Debug|Any CPU
		{F8582375-AD33-4E05-AB7B-A121503C925C}.Debug|x86.Build.0 = Debug|Any CPU
		{F8582375-AD33-4E05-AB7B-A121503C925C}.Release|Any CPU.ActiveCfg = Release|Any CPU
		{F8582375-AD33-4E05-AB7B-A121503C925C}.Release|Any CPU.Build.0 = Release|Any CPU
		{F8582375-AD33-4E05-AB7B-A121503C925C}.Release|x64.ActiveCfg = Release|Any CPU
		{F8582375-AD33-4E05-AB7B-A121503C925C}.Release|x64.Build.0 = Release|Any CPU
		{F8582375-AD33-4E05-AB7B-A121503C925C}.Release|x86.ActiveCfg = Release|Any CPU
		{F8582375-AD33-4E05-AB7B-A121503C925C}.Release|x86.Build.0 = Release|Any CPU
		{C61FF433-7172-4219-B344-424C403E1043}.Debug|Any CPU.ActiveCfg = Debug|Any CPU
		{C61FF433-7172-4219-B344-424C403E1043}.Debug|Any CPU.Build.0 = Debug|Any CPU
		{C61FF433-7172-4219-B344-424C403E1043}.Debug|x64.ActiveCfg = Debug|Any CPU
		{C61FF433-7172-4219-B344-424C403E1043}.Debug|x64.Build.0 = Debug|Any CPU
		{C61FF433-7172-4219-B344-424C403E1043}.Debug|x86.ActiveCfg = Debug|Any CPU
		{C61FF433-7172-4219-B344-424C403E1043}.Debug|x86.Build.0 = Debug|Any CPU
		{C61FF433-7172-4219-B344-424C403E1043}.Release|Any CPU.ActiveCfg = Release|Any CPU
		{C61FF433-7172-4219-B344-424C403E1043}.Release|Any CPU.Build.0 = Release|Any CPU
		{C61FF433-7172-4219-B344-424C403E1043}.Release|x64.ActiveCfg = Release|Any CPU
		{C61FF433-7172-4219-B344-424C403E1043}.Release|x64.Build.0 = Release|Any CPU
		{C61FF433-7172-4219-B344-424C403E1043}.Release|x86.ActiveCfg = Release|Any CPU
		{C61FF433-7172-4219-B344-424C403E1043}.Release|x86.Build.0 = Release|Any CPU
		{D20186C9-2B39-4A61-AB25-DF6AEF98E356}.Debug|Any CPU.ActiveCfg = Debug|Any CPU
		{D20186C9-2B39-4A61-AB25-DF6AEF98E356}.Debug|Any CPU.Build.0 = Debug|Any CPU
		{D20186C9-2B39-4A61-AB25-DF6AEF98E356}.Debug|x64.ActiveCfg = Debug|Any CPU
		{D20186C9-2B39-4A61-AB25-DF6AEF98E356}.Debug|x64.Build.0 = Debug|Any CPU
		{D20186C9-2B39-4A61-AB25-DF6AEF98E356}.Debug|x86.ActiveCfg = Debug|Any CPU
		{D20186C9-2B39-4A61-AB25-DF6AEF98E356}.Debug|x86.Build.0 = Debug|Any CPU
		{D20186C9-2B39-4A61-AB25-DF6AEF98E356}.Release|Any CPU.ActiveCfg = Release|Any CPU
		{D20186C9-2B39-4A61-AB25-DF6AEF98E356}.Release|Any CPU.Build.0 = Release|Any CPU
		{D20186C9-2B39-4A61-AB25-DF6AEF98E356}.Release|x64.ActiveCfg = Release|Any CPU
		{D20186C9-2B39-4A61-AB25-DF6AEF98E356}.Release|x64.Build.0 = Release|Any CPU
		{D20186C9-2B39-4A61-AB25-DF6AEF98E356}.Release|x86.ActiveCfg = Release|Any CPU
		{D20186C9-2B39-4A61-AB25-DF6AEF98E356}.Release|x86.Build.0 = Release|Any CPU
		{8A01815D-CC78-49D3-854E-01E697C9766E}.Debug|Any CPU.ActiveCfg = Debug|Any CPU
		{8A01815D-CC78-49D3-854E-01E697C9766E}.Debug|Any CPU.Build.0 = Debug|Any CPU
		{8A01815D-CC78-49D3-854E-01E697C9766E}.Debug|x64.ActiveCfg = Debug|Any CPU
		{8A01815D-CC78-49D3-854E-01E697C9766E}.Debug|x64.Build.0 = Debug|Any CPU
		{8A01815D-CC78-49D3-854E-01E697C9766E}.Debug|x86.ActiveCfg = Debug|Any CPU
		{8A01815D-CC78-49D3-854E-01E697C9766E}.Debug|x86.Build.0 = Debug|Any CPU
		{8A01815D-CC78-49D3-854E-01E697C9766E}.Release|Any CPU.ActiveCfg = Release|Any CPU
		{8A01815D-CC78-49D3-854E-01E697C9766E}.Release|Any CPU.Build.0 = Release|Any CPU
		{8A01815D-CC78-49D3-854E-01E697C9766E}.Release|x64.ActiveCfg = Release|Any CPU
		{8A01815D-CC78-49D3-854E-01E697C9766E}.Release|x64.Build.0 = Release|Any CPU
		{8A01815D-CC78-49D3-854E-01E697C9766E}.Release|x86.ActiveCfg = Release|Any CPU
		{8A01815D-CC78-49D3-854E-01E697C9766E}.Release|x86.Build.0 = Release|Any CPU
		{5799F893-2C8F-4561-9A48-D3487ABBC374}.Debug|Any CPU.ActiveCfg = Debug|Any CPU
		{5799F893-2C8F-4561-9A48-D3487ABBC374}.Debug|Any CPU.Build.0 = Debug|Any CPU
		{5799F893-2C8F-4561-9A48-D3487ABBC374}.Debug|x64.ActiveCfg = Debug|Any CPU
		{5799F893-2C8F-4561-9A48-D3487ABBC374}.Debug|x64.Build.0 = Debug|Any CPU
		{5799F893-2C8F-4561-9A48-D3487ABBC374}.Debug|x86.ActiveCfg = Debug|Any CPU
		{5799F893-2C8F-4561-9A48-D3487ABBC374}.Debug|x86.Build.0 = Debug|Any CPU
		{5799F893-2C8F-4561-9A48-D3487ABBC374}.Release|Any CPU.ActiveCfg = Release|Any CPU
		{5799F893-2C8F-4561-9A48-D3487ABBC374}.Release|Any CPU.Build.0 = Release|Any CPU
		{5799F893-2C8F-4561-9A48-D3487ABBC374}.Release|x64.ActiveCfg = Release|Any CPU
		{5799F893-2C8F-4561-9A48-D3487ABBC374}.Release|x64.Build.0 = Release|Any CPU
		{5799F893-2C8F-4561-9A48-D3487ABBC374}.Release|x86.ActiveCfg = Release|Any CPU
		{5799F893-2C8F-4561-9A48-D3487ABBC374}.Release|x86.Build.0 = Release|Any CPU
		{1A5ABDBD-52D5-47A1-860E-83484BABD84D}.Debug|Any CPU.ActiveCfg = Debug|Any CPU
		{1A5ABDBD-52D5-47A1-860E-83484BABD84D}.Debug|Any CPU.Build.0 = Debug|Any CPU
		{1A5ABDBD-52D5-47A1-860E-83484BABD84D}.Debug|x64.ActiveCfg = Debug|Any CPU
		{1A5ABDBD-52D5-47A1-860E-83484BABD84D}.Debug|x64.Build.0 = Debug|Any CPU
		{1A5ABDBD-52D5-47A1-860E-83484BABD84D}.Debug|x86.ActiveCfg = Debug|Any CPU
		{1A5ABDBD-52D5-47A1-860E-83484BABD84D}.Debug|x86.Build.0 = Debug|Any CPU
		{1A5ABDBD-52D5-47A1-860E-83484BABD84D}.Release|Any CPU.ActiveCfg = Release|Any CPU
		{1A5ABDBD-52D5-47A1-860E-83484BABD84D}.Release|Any CPU.Build.0 = Release|Any CPU
		{1A5ABDBD-52D5-47A1-860E-83484BABD84D}.Release|x64.ActiveCfg = Release|Any CPU
		{1A5ABDBD-52D5-47A1-860E-83484BABD84D}.Release|x64.Build.0 = Release|Any CPU
		{1A5ABDBD-52D5-47A1-860E-83484BABD84D}.Release|x86.ActiveCfg = Release|Any CPU
		{1A5ABDBD-52D5-47A1-860E-83484BABD84D}.Release|x86.Build.0 = Release|Any CPU
		{6BFC0037-4890-46A8-9CD3-84286A94A179}.Debug|Any CPU.ActiveCfg = Debug|Any CPU
		{6BFC0037-4890-46A8-9CD3-84286A94A179}.Debug|Any CPU.Build.0 = Debug|Any CPU
		{6BFC0037-4890-46A8-9CD3-84286A94A179}.Debug|x64.ActiveCfg = Debug|Any CPU
		{6BFC0037-4890-46A8-9CD3-84286A94A179}.Debug|x64.Build.0 = Debug|Any CPU
		{6BFC0037-4890-46A8-9CD3-84286A94A179}.Debug|x86.ActiveCfg = Debug|Any CPU
		{6BFC0037-4890-46A8-9CD3-84286A94A179}.Debug|x86.Build.0 = Debug|Any CPU
		{6BFC0037-4890-46A8-9CD3-84286A94A179}.Release|Any CPU.ActiveCfg = Release|Any CPU
		{6BFC0037-4890-46A8-9CD3-84286A94A179}.Release|Any CPU.Build.0 = Release|Any CPU
		{6BFC0037-4890-46A8-9CD3-84286A94A179}.Release|x64.ActiveCfg = Release|Any CPU
		{6BFC0037-4890-46A8-9CD3-84286A94A179}.Release|x64.Build.0 = Release|Any CPU
		{6BFC0037-4890-46A8-9CD3-84286A94A179}.Release|x86.ActiveCfg = Release|Any CPU
		{6BFC0037-4890-46A8-9CD3-84286A94A179}.Release|x86.Build.0 = Release|Any CPU
		{3B7FC724-D202-44F7-93F5-80E0530202AD}.Debug|Any CPU.ActiveCfg = Debug|Any CPU
		{3B7FC724-D202-44F7-93F5-80E0530202AD}.Debug|Any CPU.Build.0 = Debug|Any CPU
		{3B7FC724-D202-44F7-93F5-80E0530202AD}.Debug|x64.ActiveCfg = Debug|Any CPU
		{3B7FC724-D202-44F7-93F5-80E0530202AD}.Debug|x64.Build.0 = Debug|Any CPU
		{3B7FC724-D202-44F7-93F5-80E0530202AD}.Debug|x86.ActiveCfg = Debug|Any CPU
		{3B7FC724-D202-44F7-93F5-80E0530202AD}.Debug|x86.Build.0 = Debug|Any CPU
		{3B7FC724-D202-44F7-93F5-80E0530202AD}.Release|Any CPU.ActiveCfg = Release|Any CPU
		{3B7FC724-D202-44F7-93F5-80E0530202AD}.Release|Any CPU.Build.0 = Release|Any CPU
		{3B7FC724-D202-44F7-93F5-80E0530202AD}.Release|x64.ActiveCfg = Release|Any CPU
		{3B7FC724-D202-44F7-93F5-80E0530202AD}.Release|x64.Build.0 = Release|Any CPU
		{3B7FC724-D202-44F7-93F5-80E0530202AD}.Release|x86.ActiveCfg = Release|Any CPU
		{3B7FC724-D202-44F7-93F5-80E0530202AD}.Release|x86.Build.0 = Release|Any CPU
		{DFB132F1-A7D4-4C32-9287-0845BB884048}.Debug|Any CPU.ActiveCfg = Debug|Any CPU
		{DFB132F1-A7D4-4C32-9287-0845BB884048}.Debug|Any CPU.Build.0 = Debug|Any CPU
		{DFB132F1-A7D4-4C32-9287-0845BB884048}.Debug|x64.ActiveCfg = Debug|Any CPU
		{DFB132F1-A7D4-4C32-9287-0845BB884048}.Debug|x64.Build.0 = Debug|Any CPU
		{DFB132F1-A7D4-4C32-9287-0845BB884048}.Debug|x86.ActiveCfg = Debug|Any CPU
		{DFB132F1-A7D4-4C32-9287-0845BB884048}.Debug|x86.Build.0 = Debug|Any CPU
		{DFB132F1-A7D4-4C32-9287-0845BB884048}.Release|Any CPU.ActiveCfg = Release|Any CPU
		{DFB132F1-A7D4-4C32-9287-0845BB884048}.Release|Any CPU.Build.0 = Release|Any CPU
		{DFB132F1-A7D4-4C32-9287-0845BB884048}.Release|x64.ActiveCfg = Release|Any CPU
		{DFB132F1-A7D4-4C32-9287-0845BB884048}.Release|x64.Build.0 = Release|Any CPU
		{DFB132F1-A7D4-4C32-9287-0845BB884048}.Release|x86.ActiveCfg = Release|Any CPU
		{DFB132F1-A7D4-4C32-9287-0845BB884048}.Release|x86.Build.0 = Release|Any CPU
	EndGlobalSection
	GlobalSection(SolutionProperties) = preSolution
		HideSolutionNode = FALSE
	EndGlobalSection
	GlobalSection(NestedProjects) = preSolution
		{AB36C1BE-C9A7-4CF9-A4E9-4B0D6C36C4EF} = {D8A5D6A0-1234-5678-9ABC-DEF012345678}
		{796B50CC-0C1E-483E-8EEA-9D2C13EFFB86} = {D8A5D6A0-1234-5678-9ABC-DEF012345678}
		{B8C596A6-F17A-4C39-A1EF-D570BEFAED69} = {D8A5D6A0-1234-5678-9ABC-DEF012345678}
		{574C5F2F-182B-45BD-B106-8635128D7FD0} = {D8A5D6A0-1234-5678-9ABC-DEF012345678}
		{F8582375-AD33-4E05-AB7B-A121503C925C} = {D8A5D6A0-1234-5678-9ABC-DEF012345678}
		{C61FF433-7172-4219-B344-424C403E1043} = {D8A5D6A0-1234-5678-9ABC-DEF012345678}
		{D20186C9-2B39-4A61-AB25-DF6AEF98E356} = {D8A5D6A0-1234-5678-9ABC-DEF012345678}
		{8A01815D-CC78-49D3-854E-01E697C9766E} = {0AB3BF05-4346-4AA6-1389-037BE0695223}
		{5799F893-2C8F-4561-9A48-D3487ABBC374} = {0AB3BF05-4346-4AA6-1389-037BE0695223}
		{1A5ABDBD-52D5-47A1-860E-83484BABD84D} = {0AB3BF05-4346-4AA6-1389-037BE0695223}
		{6BFC0037-4890-46A8-9CD3-84286A94A179} = {0AB3BF05-4346-4AA6-1389-037BE0695223}
		{3B7FC724-D202-44F7-93F5-80E0530202AD} = {0AB3BF05-4346-4AA6-1389-037BE0695223}
		{DFB132F1-A7D4-4C32-9287-0845BB884048} = {0AB3BF05-4346-4AA6-1389-037BE0695223}
	EndGlobalSection
	GlobalSection(ExtensibilityGlobals) = postSolution
		SolutionGuid = {3689BA94-EFEC-41B0-9A99-CE0675F103AF}
	EndGlobalSection
EndGlobal
